schema: '2.0'
stages:
  data_collection:
    cmd: python src/data/data_collection.py
    deps:
    - path: src/data/data_collection.py
      hash: md5
      md5: 8813c3760e915848bed3aade6b7a44a2
      size: 2055
    params:
      params.yaml:
        data_collection.test_size: 0.3
    outs:
    - path: data/raw
      hash: md5
      md5: 97825bb768b4b66d70c59daed663063a.dir
      size: 522262
      nfiles: 2
  pre_processing:
    cmd: python src/data/data_prep.py
    deps:
    - path: data/raw
      hash: md5
      md5: 97825bb768b4b66d70c59daed663063a.dir
      size: 522262
      nfiles: 2
    - path: src/data/data_prep.py
      hash: md5
      md5: 3535d618f5d7765c6bf803853d2c4e1f
      size: 2045
    outs:
    - path: data/processed
      hash: md5
      md5: 398084803e31f07afdeb66101f5be708.dir
      size: 546215
      nfiles: 2
  model_building:
    cmd: python src/model/model_building.py
    deps:
    - path: data/processed
      hash: md5
      md5: 398084803e31f07afdeb66101f5be708.dir
      size: 546215
      nfiles: 2
    - path: src/model/model_building.py
      hash: md5
      md5: 328b12854f41ad0a836c8c145ba48eee
      size: 2269
    params:
      params.yaml:
        model_building.n_estimators: 100
    outs:
    - path: models/model.pkl
      hash: md5
      md5: 18571cfa144ed9384dd570d7b8465008
      size: 6472562
  model_eval:
    cmd: python src/model/model_eval.py
    deps:
    - path: models/model.pkl
      hash: md5
      md5: 18571cfa144ed9384dd570d7b8465008
      size: 6472562
    - path: src/model/model_eval.py
      hash: md5
      md5: c1daad81cf7443cac29157f10fa518ce
      size: 2439
    outs:
    - path: reports/metrics.json
      hash: md5
      md5: bc15a5ec528ba9e016c4e5271e999aba
      size: 132
